
Microsoft Visual Studio Solution File, Format Version 12.00
# Visual Studio Version 16
VisualStudioVersion = 16.0.31129.286
MinimumVisualStudioVersion = 10.0.40219.1
Project("{FAE04EC0-301F-11D3-BF4B-00C04F79EFBC}") = "IterationStatementsLoopsExercise", "IterationStatementsLoopsExercise.csproj", "{345432B5-EF7A-4A33-A26D-670672B0EC69}"
EndProject
Global
	GlobalSection(SolutionConfigurationPlatforms) = preSolution
		Debug|Any CPU = Debug|Any CPU
		Release|Any CPU = Release|Any CPU
	EndGlobalSection
	GlobalSection(ProjectConfigurationPlatforms) = postSolution
		{345432B5-EF7A-4A33-A26D-670672B0EC69}.Debug|Any CPU.ActiveCfg = Debug|Any CPU
		{345432B5-EF7A-4A33-A26D-670672B0EC69}.Debug|Any CPU.Build.0 = Debug|Any CPU
		{345432B5-EF7A-4A33-A26D-670672B0EC69}.Release|Any CPU.ActiveCfg = Release|Any CPU
		{345432B5-EF7A-4A33-A26D-670672B0EC69}.Release|Any CPU.Build.0 = Release|Any CPU
	EndGlobalSection
	GlobalSection(SolutionProperties) = preSolution
		HideSolutionNode = FALSE
	EndGlobalSection
	GlobalSection(ExtensibilityGlobals) = postSolution
		SolutionGuid = {386E63E5-F128-4D8D-9943-61F077DABEA9}
	EndGlobalSection
EndGlobal
